# THIS IS AN AUTOGENERATED FILE. DO NOT EDIT THIS FILE DIRECTLY.
# yarn lockfile v1


"@babel/code-frame@^7.0.0":
  version "7.27.1"
  resolved "https://registry.yarnpkg.com/@babel/code-frame/-/code-frame-7.27.1.tgz#200f715e66d52a23b221a9435534a91cc13ad5be"
  integrity sha512-cjQ7ZlQ0Mv3b47hABuTevyTuYN4i+loJKGeV9flcCgIK37cCXRh+L1bd3iBHlynerhQ7BhCkn2BPbQUL+rGqFg==
  dependencies:
    "@babel/helper-validator-identifier" "^7.27.1"
    js-tokens "^4.0.0"
    picocolors "^1.1.1"

"@babel/helper-validator-identifier@^7.27.1":
  version "7.27.1"
  resolved "https://registry.yarnpkg.com/@babel/helper-validator-identifier/-/helper-validator-identifier-7.27.1.tgz#a7054dcc145a967dd4dc8fee845a57c1316c9df8"
  integrity sha512-D2hP9eA+Sqx1kBZgzxZh0y1trbuU+JoDkiEwqhQ36nodYqJwyEIhPSdMNd7lOm/4io72luTPWH20Yda0xOuUow==

"@octokit/app@^15.1.6":
  version "15.1.6"
  resolved "https://registry.yarnpkg.com/@octokit/app/-/app-15.1.6.tgz#055f8d59ead26e1bf0a0efe127ff838b49cef7a2"
  integrity sha512-WELCamoCJo9SN0lf3SWZccf68CF0sBNPQuLYmZ/n87p5qvBJDe9aBtr5dHkh7T9nxWZ608pizwsUbypSzZAiUw==
  dependencies:
    "@octokit/auth-app" "^7.2.1"
    "@octokit/auth-unauthenticated" "^6.1.3"
    "@octokit/core" "^6.1.5"
    "@octokit/oauth-app" "^7.1.6"
    "@octokit/plugin-paginate-rest" "^12.0.0"
    "@octokit/types" "^14.0.0"
    "@octokit/webhooks" "^13.6.1"

"@octokit/auth-app@^7.2.1":
  version "7.2.1"
  resolved "https://registry.yarnpkg.com/@octokit/auth-app/-/auth-app-7.2.1.tgz#ed3d3ae487c5b42db88b10e95175d1a8a8965cbf"
  integrity sha512-4jaopCVOtWN0V8qCx/1s2pkRqC6tcvIQM3kFB99eIpsP53GfsoIKO08D94b83n/V3iGihHmxWR2lXzE0NicUGg==
  dependencies:
    "@octokit/auth-oauth-app" "^8.1.4"
    "@octokit/auth-oauth-user" "^5.1.4"
    "@octokit/request" "^9.2.3"
    "@octokit/request-error" "^6.1.8"
    "@octokit/types" "^14.0.0"
    toad-cache "^3.7.0"
    universal-github-app-jwt "^2.2.0"
    universal-user-agent "^7.0.0"

"@octokit/auth-oauth-app@^8.1.3", "@octokit/auth-oauth-app@^8.1.4":
  version "8.1.4"
  resolved "https://registry.yarnpkg.com/@octokit/auth-oauth-app/-/auth-oauth-app-8.1.4.tgz#4a41ed59ae81c36215976e3523a671d5eacb6d52"
  integrity sha512-71iBa5SflSXcclk/OL3lJzdt4iFs56OJdpBGEBl1wULp7C58uiswZLV6TdRaiAzHP1LT8ezpbHlKuxADb+4NkQ==
  dependencies:
    "@octokit/auth-oauth-device" "^7.1.5"
    "@octokit/auth-oauth-user" "^5.1.4"
    "@octokit/request" "^9.2.3"
    "@octokit/types" "^14.0.0"
    universal-user-agent "^7.0.0"

"@octokit/auth-oauth-device@^7.1.5":
  version "7.1.5"
  resolved "https://registry.yarnpkg.com/@octokit/auth-oauth-device/-/auth-oauth-device-7.1.5.tgz#dd22ed25539c4dadd27bfa3afccd244434fb4c48"
  integrity sha512-lR00+k7+N6xeECj0JuXeULQ2TSBB/zjTAmNF2+vyGPDEFx1dgk1hTDmL13MjbSmzusuAmuJD8Pu39rjp9jH6yw==
  dependencies:
    "@octokit/oauth-methods" "^5.1.5"
    "@octokit/request" "^9.2.3"
    "@octokit/types" "^14.0.0"
    universal-user-agent "^7.0.0"

"@octokit/auth-oauth-user@^5.1.3", "@octokit/auth-oauth-user@^5.1.4":
  version "5.1.4"
  resolved "https://registry.yarnpkg.com/@octokit/auth-oauth-user/-/auth-oauth-user-5.1.4.tgz#c8286e2812d0945e737563d94a1046b44078a06d"
  integrity sha512-4tJRofMHm6ZCd3O2PVgboBbQ/lNtacREeaihet0+wCATZmvPK+jjg2K6NjBfY69An3yzQdmkcMeiaOOoxOPr7Q==
  dependencies:
    "@octokit/auth-oauth-device" "^7.1.5"
    "@octokit/oauth-methods" "^5.1.5"
    "@octokit/request" "^9.2.3"
    "@octokit/types" "^14.0.0"
    universal-user-agent "^7.0.0"

"@octokit/auth-token@^5.0.0":
  version "5.1.2"
  resolved "https://registry.yarnpkg.com/@octokit/auth-token/-/auth-token-5.1.2.tgz#68a486714d7a7fd1df56cb9bc89a860a0de866de"
  integrity sha512-JcQDsBdg49Yky2w2ld20IHAlwr8d/d8N6NiOXbtuoPCqzbsiJgF633mVUw3x4mo0H5ypataQIX7SFu3yy44Mpw==

"@octokit/auth-unauthenticated@^6.1.2", "@octokit/auth-unauthenticated@^6.1.3":
  version "6.1.3"
  resolved "https://registry.yarnpkg.com/@octokit/auth-unauthenticated/-/auth-unauthenticated-6.1.3.tgz#7f6eca87eb5cdfdccacd92399de6fd9607c61256"
  integrity sha512-d5gWJla3WdSl1yjbfMpET+hUSFCE15qM0KVSB0H1shyuJihf/RL1KqWoZMIaonHvlNojkL9XtLFp8QeLe+1iwA==
  dependencies:
    "@octokit/request-error" "^6.1.8"
    "@octokit/types" "^14.0.0"

"@octokit/core@^6.1.4", "@octokit/core@^6.1.5":
  version "6.1.5"
  resolved "https://registry.yarnpkg.com/@octokit/core/-/core-6.1.5.tgz#c2842aae87c2c2130b7dd33e8caa0f642dde2c67"
  integrity sha512-vvmsN0r7rguA+FySiCsbaTTobSftpIDIpPW81trAmsv9TGxg3YCujAxRYp/Uy8xmDgYCzzgulG62H7KYUFmeIg==
  dependencies:
    "@octokit/auth-token" "^5.0.0"
    "@octokit/graphql" "^8.2.2"
    "@octokit/request" "^9.2.3"
    "@octokit/request-error" "^6.1.8"
    "@octokit/types" "^14.0.0"
    before-after-hook "^3.0.2"
    universal-user-agent "^7.0.0"

"@octokit/endpoint@^10.1.4":
  version "10.1.4"
  resolved "https://registry.yarnpkg.com/@octokit/endpoint/-/endpoint-10.1.4.tgz#8783be38a32b95af8bcb6523af20ab4eed7a2adb"
  integrity sha512-OlYOlZIsfEVZm5HCSR8aSg02T2lbUWOsCQoPKfTXJwDzcHQBrVBGdGXb89dv2Kw2ToZaRtudp8O3ZIYoaOjKlA==
  dependencies:
    "@octokit/types" "^14.0.0"
    universal-user-agent "^7.0.2"

"@octokit/graphql@^8.2.2":
  version "8.2.2"
  resolved "https://registry.yarnpkg.com/@octokit/graphql/-/graphql-8.2.2.tgz#3db48c4ffdf07f99600cee513baf45e73eced4d1"
  integrity sha512-Yi8hcoqsrXGdt0yObxbebHXFOiUA+2v3n53epuOg1QUgOB6c4XzvisBNVXJSl8RYA5KrDuSL2yq9Qmqe5N0ryA==
  dependencies:
    "@octokit/request" "^9.2.3"
    "@octokit/types" "^14.0.0"
    universal-user-agent "^7.0.0"

"@octokit/oauth-app@^7.1.6":
  version "7.1.6"
  resolved "https://registry.yarnpkg.com/@octokit/oauth-app/-/oauth-app-7.1.6.tgz#f55c7ab2381028a71564aa6a1baf3921c620c437"
  integrity sha512-OMcMzY2WFARg80oJNFwWbY51TBUfLH4JGTy119cqiDawSFXSIBujxmpXiKbGWQlvfn0CxE6f7/+c6+Kr5hI2YA==
  dependencies:
    "@octokit/auth-oauth-app" "^8.1.3"
    "@octokit/auth-oauth-user" "^5.1.3"
    "@octokit/auth-unauthenticated" "^6.1.2"
    "@octokit/core" "^6.1.4"
    "@octokit/oauth-authorization-url" "^7.1.1"
    "@octokit/oauth-methods" "^5.1.4"
    "@types/aws-lambda" "^8.10.83"
    universal-user-agent "^7.0.0"

"@octokit/oauth-authorization-url@^7.0.0", "@octokit/oauth-authorization-url@^7.1.1":
  version "7.1.1"
  resolved "https://registry.yarnpkg.com/@octokit/oauth-authorization-url/-/oauth-authorization-url-7.1.1.tgz#0e17c2225eb66b58ec902d02b6f1315ffe9ff04b"
  integrity sha512-ooXV8GBSabSWyhLUowlMIVd9l1s2nsOGQdlP2SQ4LnkEsGXzeCvbSbCPdZThXhEFzleGPwbapT0Sb+YhXRyjCA==

"@octokit/oauth-methods@^5.1.4", "@octokit/oauth-methods@^5.1.5":
  version "5.1.5"
  resolved "https://registry.yarnpkg.com/@octokit/oauth-methods/-/oauth-methods-5.1.5.tgz#647fcd135cedd2371452631ef131497e8037b008"
  integrity sha512-Ev7K8bkYrYLhoOSZGVAGsLEscZQyq7XQONCBBAl2JdMg7IT3PQn/y8P0KjloPoYpI5UylqYrLeUcScaYWXwDvw==
  dependencies:
    "@octokit/oauth-authorization-url" "^7.0.0"
    "@octokit/request" "^9.2.3"
    "@octokit/request-error" "^6.1.8"
    "@octokit/types" "^14.0.0"

"@octokit/openapi-types@^25.0.0":
  version "25.0.0"
  resolved "https://registry.yarnpkg.com/@octokit/openapi-types/-/openapi-types-25.0.0.tgz#adeead36992abf966e89dcd53518d8b0dc910e0d"
  integrity sha512-FZvktFu7HfOIJf2BScLKIEYjDsw6RKc7rBJCdvCTfKsVnx2GEB/Nbzjr29DUdb7vQhlzS/j8qDzdditP0OC6aw==

"@octokit/openapi-webhooks-types@10.4.0":
  version "10.4.0"
  resolved "https://registry.yarnpkg.com/@octokit/openapi-webhooks-types/-/openapi-webhooks-types-10.4.0.tgz#2cf1e08b9ad9f66930865c9e555499ae2e7507a3"
  integrity sha512-HMiF7FUiVBYfp8pPijMTkWuPELQB6XkPftrnSuK1C1YXaaq2+0ganiQkorEQfXTmhtwlgHJwXT6P8miVhIyjQA==

"@octokit/plugin-paginate-graphql@^5.2.4":
  version "5.2.4"
  resolved "https://registry.yarnpkg.com/@octokit/plugin-paginate-graphql/-/plugin-paginate-graphql-5.2.4.tgz#b6afda7b3f24cb93d2ab822ec8eac664a5d325d0"
  integrity sha512-pLZES1jWaOynXKHOqdnwZ5ULeVR6tVVCMm+AUbp0htdcyXDU95WbkYdU4R2ej1wKj5Tu94Mee2Ne0PjPO9cCyA==

"@octokit/plugin-paginate-rest@^12.0.0":
  version "12.0.0"
  resolved "https://registry.yarnpkg.com/@octokit/plugin-paginate-rest/-/plugin-paginate-rest-12.0.0.tgz#4f3c1caefd6f85abb4e95c1c0a38af4568cb4dae"
  integrity sha512-MPd6WK1VtZ52lFrgZ0R2FlaoiWllzgqFHaSZxvp72NmoDeZ0m8GeJdg4oB6ctqMTYyrnDYp592Xma21mrgiyDA==
  dependencies:
    "@octokit/types" "^14.0.0"

"@octokit/plugin-rest-endpoint-methods@^14.0.0":
  version "14.0.0"
  resolved "https://registry.yarnpkg.com/@octokit/plugin-rest-endpoint-methods/-/plugin-rest-endpoint-methods-14.0.0.tgz#dc4c44b7ac5b1a69596b026ba6d796c5add1668a"
  integrity sha512-iQt6ovem4b7zZYZQtdv+PwgbL5VPq37th1m2x2TdkgimIDJpsi2A6Q/OI/23i/hR6z5mL0EgisNR4dcbmckSZQ==
  dependencies:
    "@octokit/types" "^14.0.0"

"@octokit/plugin-retry@^7.2.1":
  version "7.2.1"
  resolved "https://registry.yarnpkg.com/@octokit/plugin-retry/-/plugin-retry-7.2.1.tgz#3ec7065ad451c7e6bd64c4fb16c98006a5ff2f66"
  integrity sha512-wUc3gv0D6vNHpGxSaR3FlqJpTXGWgqmk607N9L3LvPL4QjaxDgX/1nY2mGpT37Khn+nlIXdljczkRnNdTTV3/A==
  dependencies:
    "@octokit/request-error" "^6.1.8"
    "@octokit/types" "^14.0.0"
    bottleneck "^2.15.3"

"@octokit/plugin-throttling@^10.0.0":
  version "10.0.0"
  resolved "https://registry.yarnpkg.com/@octokit/plugin-throttling/-/plugin-throttling-10.0.0.tgz#3ca3c2d3b6e1deb263462f5d35ce6727527116ef"
  integrity sha512-Kuq5/qs0DVYTHZuBAzCZStCzo2nKvVRo/TDNhCcpC2TKiOGz/DisXMCvjt3/b5kr6SCI1Y8eeeJTHBxxpFvZEg==
  dependencies:
    "@octokit/types" "^14.0.0"
    bottleneck "^2.15.3"

"@octokit/request-error@^6.1.7", "@octokit/request-error@^6.1.8":
  version "6.1.8"
  resolved "https://registry.yarnpkg.com/@octokit/request-error/-/request-error-6.1.8.tgz#3c7ce1ca6721eabd43dbddc76b44860de1fdea75"
  integrity sha512-WEi/R0Jmq+IJKydWlKDmryPcmdYSVjL3ekaiEL1L9eo1sUnqMJ+grqmC9cjk7CA7+b2/T397tO5d8YLOH3qYpQ==
  dependencies:
    "@octokit/types" "^14.0.0"

"@octokit/request@^9.2.3":
  version "9.2.3"
  resolved "https://registry.yarnpkg.com/@octokit/request/-/request-9.2.3.tgz#00d023ad690903d952e4dd31e3f5804ef98fcd24"
  integrity sha512-Ma+pZU8PXLOEYzsWf0cn/gY+ME57Wq8f49WTXA8FMHp2Ps9djKw//xYJ1je8Hm0pR2lU9FUGeJRWOtxq6olt4w==
  dependencies:
    "@octokit/endpoint" "^10.1.4"
    "@octokit/request-error" "^6.1.8"
    "@octokit/types" "^14.0.0"
    fast-content-type-parse "^2.0.0"
    universal-user-agent "^7.0.2"

"@octokit/types@^14.0.0":
  version "14.0.0"
  resolved "https://registry.yarnpkg.com/@octokit/types/-/types-14.0.0.tgz#bbd1d31e2269940789ef143b1c37918aae09adc4"
  integrity sha512-VVmZP0lEhbo2O1pdq63gZFiGCKkm8PPp8AUOijlwPO6hojEVjspA0MWKP7E4hbvGxzFKNqKr6p0IYtOH/Wf/zA==
  dependencies:
    "@octokit/openapi-types" "^25.0.0"

"@octokit/webhooks-methods@^5.1.1":
  version "5.1.1"
  resolved "https://registry.yarnpkg.com/@octokit/webhooks-methods/-/webhooks-methods-5.1.1.tgz#192f11a1f115702833f033293e2fef8f69f612e4"
  integrity sha512-NGlEHZDseJTCj8TMMFehzwa9g7On4KJMPVHDSrHxCQumL6uSQR8wIkP/qesv52fXqV1BPf4pTxwtS31ldAt9Xg==

"@octokit/webhooks@^13.6.1":
  version "13.8.0"
  resolved "https://registry.yarnpkg.com/@octokit/webhooks/-/webhooks-13.8.0.tgz#0d1f40f5b4217090deb5b810426052f477d8522b"
  integrity sha512-3PCWyFBNbW2+Ox36VAkSqlPoIb96NZiPcICRYySHZrDTM2NuNxvrjPeaQDj2egqILs9EZFObRTHVMe4XxXJV7w==
  dependencies:
    "@octokit/openapi-webhooks-types" "10.4.0"
    "@octokit/request-error" "^6.1.7"
    "@octokit/webhooks-methods" "^5.1.1"

"@types/aws-lambda@^8.10.83":
  version "8.10.149"
  resolved "https://registry.yarnpkg.com/@types/aws-lambda/-/aws-lambda-8.10.149.tgz#77c7bde809425546d03626e51bab8181bc5d24c9"
  integrity sha512-NXSZIhfJjnXqJgtS7IwutqIF/SOy1Wz5Px4gUY1RWITp3AYTyuJS4xaXr/bIJY1v15XMzrJ5soGnPM+7uigZjA==

before-after-hook@^3.0.2:
  version "3.0.2"
  resolved "https://registry.yarnpkg.com/before-after-hook/-/before-after-hook-3.0.2.tgz#d5665a5fa8b62294a5aa0a499f933f4a1016195d"
  integrity sha512-Nik3Sc0ncrMK4UUdXQmAnRtzmNQTAAXmXIopizwZ1W1t8QmfJj+zL4OA2I7XPTPW5z5TDqv4hRo/JzouDJnX3A==

bluebird@3.7.2:
  version "3.7.2"
  resolved "https://registry.yarnpkg.com/bluebird/-/bluebird-3.7.2.tgz#9f229c15be272454ffa973ace0dbee79a1b0c36f"
  integrity sha512-XpNj6GDQzdfW+r2Wnn7xiSAd7TM3jzkxGXBGTtWKuSXv1xUV+azxAm8jdWZN06QTQk+2N2XB9jRDkvbmQmcRtg==

bottleneck@^2.15.3:
  version "2.19.5"
  resolved "https://registry.yarnpkg.com/bottleneck/-/bottleneck-2.19.5.tgz#5df0b90f59fd47656ebe63c78a98419205cadd91"
  integrity sha512-VHiNCbI1lKdl44tGrhNfU3lup0Tj/ZBMJB5/2ZbNXRCPuRCO7ed2mgcK4r17y+KB2EfuYuRaVlwNbAeaWGSpbw==

buffer-from@^1.0.0:
  version "1.1.2"
  resolved "https://registry.yarnpkg.com/buffer-from/-/buffer-from-1.1.2.tgz#2b146a6fd72e80b4f55d255f35ed59a3a9a41bd5"
  integrity sha512-E+XQCRwSbaaiChtv6k6Dwgc+bx+Bs6vuKJHHl5kox/BaKbhiXzqQOwK4cO22yElGp2OCmjwVhT3HmxgyPGnJfQ==

chess.js@^1.2.0:
  version "1.2.0"
  resolved "https://registry.yarnpkg.com/chess.js/-/chess.js-1.2.0.tgz#0f963dcf61ef437ccfad06afcbe06ed6978bbf98"
  integrity sha512-QWdfpAkMslQ48hDDoEzEko6GbYTAKKx4UdXAPEF8nFnAuqp+woyL8LHSbziRP8u1aMAbnlOF0YkXF4ui0Nsubg==

commander@^2.20.0:
  version "2.20.3"
  resolved "https://registry.yarnpkg.com/commander/-/commander-2.20.3.tgz#fd485e84c03eb4881c20722ba48035e8531aeb33"
  integrity sha512-GpVkmM8vF2vQUkj2LvZmD35JxeJOLCwJ9cUkugyk2nuhbv3+mJvpLYYt+0+USMxE+oj+ey/lJEnhZw75x/OMcQ==

core-js@3.6.2:
  version "3.6.2"
  resolved "https://registry.yarnpkg.com/core-js/-/core-js-3.6.2.tgz#2799ea1a59050f0acf50dfe89b916d6503b16caa"
  integrity sha512-hIE5dXkRzRvnZ5vhkRfQxUvDxQZmD9oueA08jDYRBKJHx+VIl/Pne/e0A4x9LObEEthC/TqiZybUoNM4tRgnKg==

data-uri-to-buffer@^4.0.0:
  version "4.0.1"
  resolved "https://registry.yarnpkg.com/data-uri-to-buffer/-/data-uri-to-buffer-4.0.1.tgz#d8feb2b2881e6a4f58c2e08acfd0e2834e26222e"
  integrity sha512-0R9ikRb668HB7QDxT1vkpuUBtqc53YyAwMwGeUFKRojY/NWKvdZ+9UYtRfGmhqNbRkTSVpMbmyhXipFFv2cb/A==

debug@4.1.1:
  version "4.1.1"
  resolved "https://registry.yarnpkg.com/debug/-/debug-4.1.1.tgz#3b72260255109c6b589cee050f1d516139664791"
  integrity sha512-pYAIzeRo8J6KPEaJ0VWOh5Pzkbw/RetuzehGM7QRRX5he4fPHx2rdKMB256ehJCkX+XRQm16eZLqLNS8RSZXZw==
  dependencies:
    ms "^2.1.1"

estree-walker@^0.6.1:
  version "0.6.1"
  resolved "https://registry.yarnpkg.com/estree-walker/-/estree-walker-0.6.1.tgz#53049143f40c6eb918b23671d1fe3219f3a1b362"
  integrity sha512-SqmZANLWS0mnatqbSfRP5g8OXZC12Fgg1IwNtLsyHDzJizORW4khDfjPqJZsemPWBB2uqykUah5YpQ6epsqC/w==

fast-content-type-parse@^2.0.0:
  version "2.0.1"
  resolved "https://registry.yarnpkg.com/fast-content-type-parse/-/fast-content-type-parse-2.0.1.tgz#c236124534ee2cb427c8d8e5ba35a4856947847b"
  integrity sha512-nGqtvLrj5w0naR6tDPfB4cUmYCqouzyQiz6C5y/LtcDllJdrcc6WaWW6iXyIIOErTa/XRybj28aasdn4LkVk6Q==

fetch-blob@^3.1.2, fetch-blob@^3.1.4:
  version "3.2.0"
  resolved "https://registry.yarnpkg.com/fetch-blob/-/fetch-blob-3.2.0.tgz#f09b8d4bbd45adc6f0c20b7e787e793e309dcce9"
  integrity sha512-7yAQpD2UMJzLi1Dqv7qFYnPbaPx7ZfFK6PiIxQ4PfkGPyNyl2Ugx+a/umUonmKqjhM4DnfbMvdX6otXq83soQQ==
  dependencies:
    node-domexception "^1.0.0"
    web-streams-polyfill "^3.0.3"

formdata-polyfill@^4.0.10:
  version "4.0.10"
  resolved "https://registry.yarnpkg.com/formdata-polyfill/-/formdata-polyfill-4.0.10.tgz#24807c31c9d402e002ab3d8c720144ceb8848423"
  integrity sha512-buewHzMvYL29jdeQTVILecSaZKnt/RJWjoZCF5OW60Z67/GmSLBkOFM7qh1PI3zFNtJbaZL5eQu1vLfazOwj4g==
  dependencies:
    fetch-blob "^3.1.2"

has-flag@^3.0.0:
  version "3.0.0"
  resolved "https://registry.yarnpkg.com/has-flag/-/has-flag-3.0.0.tgz#b5d454dc2199ae225699f3467e5a07f3b955bafd"
  integrity sha512-sKJf1+ceQBr4SMkvQnBDNDtf4TXpVhVGateu0t918bl30FnbE2m4vNLX+VWe/dpjlb+HugGYzW7uQXH98HPEYw==

jest-worker@^24.6.0:
  version "24.9.0"
  resolved "https://registry.yarnpkg.com/jest-worker/-/jest-worker-24.9.0.tgz#5dbfdb5b2d322e98567898238a9697bcce67b3e5"
  integrity sha512-51PE4haMSXcHohnSMdM42anbvZANYTqMrr52tVKPqqsPJMzoP6FYYDVqahX/HrAoKEKz3uUPzSvKs9A3qR4iVw==
  dependencies:
    merge-stream "^2.0.0"
    supports-color "^6.1.0"

js-tokens@^4.0.0:
  version "4.0.0"
  resolved "https://registry.yarnpkg.com/js-tokens/-/js-tokens-4.0.0.tgz#19203fb59991df98e3a287050d4647cdeaf32499"
  integrity sha512-RdJUflcE3cUzKiMqQgsCu06FPu9UdIJO0beYbPhHN4k6apgJtifcoCtT9bcxOpYBtpD2kCM6Sbzg4CausW/PKQ==

leven@^4.0.0:
  version "4.0.0"
  resolved "https://registry.yarnpkg.com/leven/-/leven-4.0.0.tgz#b9c39c803f835950fabef9e122a9b47b95708710"
  integrity sha512-puehA3YKku3osqPlNuzGDUHq8WpwXupUg1V6NXdV38G+gr+gkBwFC8g1b/+YcIvp8gnqVIus+eJCH/eGsRmJNw==

lodash@4.17.15:
  version "4.17.15"
  resolved "https://registry.yarnpkg.com/lodash/-/lodash-4.17.15.tgz#b447f6670a0455bbfeedd11392eff330ea097548"
  integrity sha512-8xOcRHvCjnocdS5cpwXQXVzmmh5e5+saE2QGoeQmbKmRS6J3VQppPOIt0MnmE+4xlZoumy0GPG0D0MVIQbNA1A==

merge-stream@^2.0.0:
  version "2.0.0"
  resolved "https://registry.yarnpkg.com/merge-stream/-/merge-stream-2.0.0.tgz#52823629a14dd00c9770fb6ad47dc6310f2c1f60"
  integrity sha512-abv/qOcuPfk3URPfDzmZU1LKmuw8kT+0nIHvKrKgFrwifol/doWcdA4ZqsWQ8ENrFKkd67Mfpo/LovbIUsbt3w==

ms@^2.1.1:
  version "2.1.3"
  resolved "https://registry.yarnpkg.com/ms/-/ms-2.1.3.tgz#574c8138ce1d2b5861f0b44579dbadd60c6615b2"
  integrity sha512-6FlzubTLZG3J2a/NVCAleEhjzq5oxgHyaCU9yYXvcLsvoVaHJq/s5xXI6/XXP6tz7R9xAOtHnSO/tXtF3WRTlA==

node-domexception@^1.0.0:
  version "1.0.0"
  resolved "https://registry.yarnpkg.com/node-domexception/-/node-domexception-1.0.0.tgz#6888db46a1f71c0b76b3f7555016b63fe64766e5"
  integrity sha512-/jKZoMpw0F8GRwl4/eLROPA3cfcXtLApP0QzLmUT/HuPCZWyB7IY9ZrMeKw2O/nFIqPQB3PVM9aYm0F312AXDQ==

node-fetch@^3.3.2:
  version "3.3.2"
  resolved "https://registry.yarnpkg.com/node-fetch/-/node-fetch-3.3.2.tgz#d1e889bacdf733b4ff3b2b243eb7a12866a0b78b"
  integrity sha512-dRB78srN/l6gqWulah9SrxeYnxeddIG30+GOqK/9OlLVyLg3HPnr6SqOWTWOXKRwC2eGYCkZ59NNuSgvSrpgOA==
  dependencies:
    data-uri-to-buffer "^4.0.0"
    fetch-blob "^3.1.4"
    formdata-polyfill "^4.0.10"

node-uci@^1.3.4:
  version "1.3.4"
  resolved "https://registry.yarnpkg.com/node-uci/-/node-uci-1.3.4.tgz#f2b0e9448e051a0f97d3a0def167bc4127de32d5"
  integrity sha512-WeFuzceyHUniQO4XpKHjKFV4R+S63aJ/B/6kMO5ULh4KDeNbsBhzhtuuTNOczyy7dYwsjSoHyJjEocdVaecrBg==
  dependencies:
    bluebird "3.7.2"
    core-js "3.6.2"
    debug "4.1.1"
    lodash "4.17.15"
    rollup-plugin-terser "5.1.3"

octokit@^4.1.3:
  version "4.1.3"
  resolved "https://registry.yarnpkg.com/octokit/-/octokit-4.1.3.tgz#8855681813a83b69a65a4bec8a77075d241f87df"
  integrity sha512-PP+EL8h4xPCE9NBo6jXq6I2/EiTXsn1cg9F0IZehHBv/qhuQpyGMFElEB17miWKciuT6vRHiFFiG9+FoXOmg6A==
  dependencies:
    "@octokit/app" "^15.1.6"
    "@octokit/core" "^6.1.5"
    "@octokit/oauth-app" "^7.1.6"
    "@octokit/plugin-paginate-graphql" "^5.2.4"
    "@octokit/plugin-paginate-rest" "^12.0.0"
    "@octokit/plugin-rest-endpoint-methods" "^14.0.0"
    "@octokit/plugin-retry" "^7.2.1"
    "@octokit/plugin-throttling" "^10.0.0"
    "@octokit/request-error" "^6.1.8"
    "@octokit/types" "^14.0.0"

picocolors@^1.1.1:
  version "1.1.1"
  resolved "https://registry.yarnpkg.com/picocolors/-/picocolors-1.1.1.tgz#3d321af3eab939b083c8f929a1d12cda81c26b6b"
  integrity sha512-xceH2snhtb5M9liqDsmEw56le376mTZkEX/jEb/RxNFyegNul7eNslCXP9FDj/Lcu0X8KEyMceP2ntpaHrDEVA==

rollup-plugin-terser@5.1.3:
  version "5.1.3"
  resolved "https://registry.yarnpkg.com/rollup-plugin-terser/-/rollup-plugin-terser-5.1.3.tgz#5f4c4603b12b4f8d093f4b6f31c9aa5eba98a223"
  integrity sha512-FuFuXE5QUJ7snyxHLPp/0LFXJhdomKlIx/aK7Tg88Yubsx/UU/lmInoJafXJ4jwVVNcORJ1wRUC5T9cy5yk0wA==
  dependencies:
    "@babel/code-frame" "^7.0.0"
    jest-worker "^24.6.0"
    rollup-pluginutils "^2.8.1"
    serialize-javascript "^2.1.2"
    terser "^4.1.0"

rollup-pluginutils@^2.8.1:
  version "2.8.2"
  resolved "https://registry.yarnpkg.com/rollup-pluginutils/-/rollup-pluginutils-2.8.2.tgz#72f2af0748b592364dbd3389e600e5a9444a351e"
  integrity sha512-EEp9NhnUkwY8aif6bxgovPHMoMoNr2FulJziTndpt5H9RdwC47GSGuII9XxpSdzVGM0GWrNPHV6ie1LTNJPaLQ==
  dependencies:
    estree-walker "^0.6.1"

serialize-javascript@^2.1.2:
  version "2.1.2"
  resolved "https://registry.yarnpkg.com/serialize-javascript/-/serialize-javascript-2.1.2.tgz#ecec53b0e0317bdc95ef76ab7074b7384785fa61"
  integrity sha512-rs9OggEUF0V4jUSecXazOYsLfu7OGK2qIn3c7IPBiffz32XniEp/TX9Xmc9LQfK2nQ2QKHvZ2oygKUGU0lG4jQ==

source-map-support@~0.5.12:
  version "0.5.21"
  resolved "https://registry.yarnpkg.com/source-map-support/-/source-map-support-0.5.21.tgz#04fe7c7f9e1ed2d662233c28cb2b35b9f63f6e4f"
  integrity sha512-uBHU3L3czsIyYXKX88fdrGovxdSCoTGDRZ6SYXtSRxLZUzHg5P/66Ht6uoUlHu9EZod+inXhKo3qQgwXUT/y1w==
  dependencies:
    buffer-from "^1.0.0"
    source-map "^0.6.0"

source-map@^0.6.0, source-map@~0.6.1:
  version "0.6.1"
  resolved "https://registry.yarnpkg.com/source-map/-/source-map-0.6.1.tgz#74722af32e9614e9c287a8d0bbde48b5e2f1a263"
  integrity sha512-UjgapumWlbMhkBgzT7Ykc5YXUT46F0iKu8SGXq0bcwP5dz/h0Plj6enJqjz1Zbq2l5WaqYnrVbwWOWMyF3F47g==

supports-color@^6.1.0:
  version "6.1.0"
  resolved "https://registry.yarnpkg.com/supports-color/-/supports-color-6.1.0.tgz#0764abc69c63d5ac842dd4867e8d025e880df8f3"
  integrity sha512-qe1jfm1Mg7Nq/NSh6XE24gPXROEVsWHxC1LIx//XNlD9iw7YZQGjZNjYN7xGaEG6iKdA8EtNFW6R0gjnVXp+wQ==
  dependencies:
    has-flag "^3.0.0"

terser@^4.1.0:
  version "4.8.1"
  resolved "https://registry.yarnpkg.com/terser/-/terser-4.8.1.tgz#a00e5634562de2239fd404c649051bf6fc21144f"
  integrity sha512-4GnLC0x667eJG0ewJTa6z/yXrbLGv80D9Ru6HIpCQmO+Q4PfEtBFi0ObSckqwL6VyQv/7ENJieXHo2ANmdQwgw==
  dependencies:
    commander "^2.20.0"
    source-map "~0.6.1"
    source-map-support "~0.5.12"

toad-cache@^3.7.0:
  version "3.7.0"
  resolved "https://registry.yarnpkg.com/toad-cache/-/toad-cache-3.7.0.tgz#b9b63304ea7c45ec34d91f1d2fa513517025c441"
  integrity sha512-/m8M+2BJUpoJdgAHoG+baCwBT+tf2VraSfkBgl0Y00qIWt41DJ8R5B8nsEw0I58YwF5IZH6z24/2TobDKnqSWw==

universal-github-app-jwt@^2.2.0:
  version "2.2.2"
  resolved "https://registry.yarnpkg.com/universal-github-app-jwt/-/universal-github-app-jwt-2.2.2.tgz#38537e5a7d154085a35f97601a5e30e9e17717df"
  integrity sha512-dcmbeSrOdTnsjGjUfAlqNDJrhxXizjAz94ija9Qw8YkZ1uu0d+GoZzyH+Jb9tIIqvGsadUfwg+22k5aDqqwzbw==

universal-user-agent@^7.0.0, universal-user-agent@^7.0.2:
  version "7.0.2"
  resolved "https://registry.yarnpkg.com/universal-user-agent/-/universal-user-agent-7.0.2.tgz#52e7d0e9b3dc4df06cc33cb2b9fd79041a54827e"
  integrity sha512-0JCqzSKnStlRRQfCdowvqy3cy0Dvtlb8xecj/H8JFZuCze4rwjPZQOgvFvn0Ws/usCHQFGpyr+pB9adaGwXn4Q==

web-streams-polyfill@^3.0.3:
  version "3.3.3"
  resolved "https://registry.yarnpkg.com/web-streams-polyfill/-/web-streams-polyfill-3.3.3.tgz#2073b91a2fdb1fbfbd401e7de0ac9f8214cecb4b"
  integrity sha512-d2JWLCivmZYTSIoge9MsgFCZrt571BikcWGYkjC1khllbTeDlGqZ2D8vD8E/lJa8WGWbb7Plm8/XJYV7IJHZZw==
